// !$*UTF8*$!
{
	archiveVersion = 1;
	classes = {
	};
	objectVersion = 56;
	objects = {

/* Begin PBXBuildFile section */
		068426AD29C2B800004C1F68 /* PlaceholderTextFieldStyle.swift in Sources */ = {isa = PBXBuildFile; fileRef = 068426AC29C2B800004C1F68 /* PlaceholderTextFieldStyle.swift */; };
		068426B329C2B9AC004C1F68 /* LocationSearchActivationView.swift in Sources */ = {isa = PBXBuildFile; fileRef = 068426B229C2B9AC004C1F68 /* LocationSearchActivationView.swift */; };
		068426B529C2C00E004C1F68 /* MapViewActionButton.swift in Sources */ = {isa = PBXBuildFile; fileRef = 068426B429C2C00E004C1F68 /* MapViewActionButton.swift */; };
		068426B729C2C98E004C1F68 /* LocationSearchView.swift in Sources */ = {isa = PBXBuildFile; fileRef = 068426B629C2C98E004C1F68 /* LocationSearchView.swift */; };
		068426B929C2F1A6004C1F68 /* LocationSearchResultCell.swift in Sources */ = {isa = PBXBuildFile; fileRef = 068426B829C2F1A6004C1F68 /* LocationSearchResultCell.swift */; };
		06D85F2829C1673C006C0779 /* GoRideApp.swift in Sources */ = {isa = PBXBuildFile; fileRef = 06D85F2729C1673C006C0779 /* GoRideApp.swift */; };
		06D85F2C29C1673E006C0779 /* Assets.xcassets in Resources */ = {isa = PBXBuildFile; fileRef = 06D85F2B29C1673E006C0779 /* Assets.xcassets */; };
		06D85F2F29C1673E006C0779 /* Preview Assets.xcassets in Resources */ = {isa = PBXBuildFile; fileRef = 06D85F2E29C1673E006C0779 /* Preview Assets.xcassets */; };
		06D85F3C29C16833006C0779 /* HomeView.swift in Sources */ = {isa = PBXBuildFile; fileRef = 06D85F3B29C16833006C0779 /* HomeView.swift */; };
		06D85F3E29C168D6006C0779 /* GoRideMapViewRepresentable.swift in Sources */ = {isa = PBXBuildFile; fileRef = 06D85F3D29C168D6006C0779 /* GoRideMapViewRepresentable.swift */; };
		06D85F4029C174A9006C0779 /* LocationManager.swift in Sources */ = {isa = PBXBuildFile; fileRef = 06D85F3F29C174A9006C0779 /* LocationManager.swift */; };
		06ECAFB829C98C4000837E6F /* LocationSearchViewModel.swift in Sources */ = {isa = PBXBuildFile; fileRef = 06ECAFB729C98C4000837E6F /* LocationSearchViewModel.swift */; };
/* End PBXBuildFile section */

/* Begin PBXFileReference section */
		068426AC29C2B800004C1F68 /* PlaceholderTextFieldStyle.swift */ = {isa = PBXFileReference; lastKnownFileType = sourcecode.swift; path = PlaceholderTextFieldStyle.swift; sourceTree = "<group>"; };
		068426B229C2B9AC004C1F68 /* LocationSearchActivationView.swift */ = {isa = PBXFileReference; lastKnownFileType = sourcecode.swift; path = LocationSearchActivationView.swift; sourceTree = "<group>"; };
		068426B429C2C00E004C1F68 /* MapViewActionButton.swift */ = {isa = PBXFileReference; lastKnownFileType = sourcecode.swift; path = MapViewActionButton.swift; sourceTree = "<group>"; };
		068426B629C2C98E004C1F68 /* LocationSearchView.swift */ = {isa = PBXFileReference; lastKnownFileType = sourcecode.swift; path = LocationSearchView.swift; sourceTree = "<group>"; };
		068426B829C2F1A6004C1F68 /* LocationSearchResultCell.swift */ = {isa = PBXFileReference; lastKnownFileType = sourcecode.swift; path = LocationSearchResultCell.swift; sourceTree = "<group>"; };
		06D85F2429C1673C006C0779 /* GoRide.app */ = {isa = PBXFileReference; explicitFileType = wrapper.application; includeInIndex = 0; path = GoRide.app; sourceTree = BUILT_PRODUCTS_DIR; };
		06D85F2729C1673C006C0779 /* GoRideApp.swift */ = {isa = PBXFileReference; lastKnownFileType = sourcecode.swift; path = GoRideApp.swift; sourceTree = "<group>"; };
		06D85F2B29C1673E006C0779 /* Assets.xcassets */ = {isa = PBXFileReference; lastKnownFileType = folder.assetcatalog; path = Assets.xcassets; sourceTree = "<group>"; };
		06D85F2E29C1673E006C0779 /* Preview Assets.xcassets */ = {isa = PBXFileReference; lastKnownFileType = folder.assetcatalog; path = "Preview Assets.xcassets"; sourceTree = "<group>"; };
		06D85F3B29C16833006C0779 /* HomeView.swift */ = {isa = PBXFileReference; lastKnownFileType = sourcecode.swift; path = HomeView.swift; sourceTree = "<group>"; };
		06D85F3D29C168D6006C0779 /* GoRideMapViewRepresentable.swift */ = {isa = PBXFileReference; lastKnownFileType = sourcecode.swift; path = GoRideMapViewRepresentable.swift; sourceTree = "<group>"; };
		06D85F3F29C174A9006C0779 /* LocationManager.swift */ = {isa = PBXFileReference; lastKnownFileType = sourcecode.swift; path = LocationManager.swift; sourceTree = "<group>"; };
		06ECAFB729C98C4000837E6F /* LocationSearchViewModel.swift */ = {isa = PBXFileReference; lastKnownFileType = sourcecode.swift; path = LocationSearchViewModel.swift; sourceTree = "<group>"; };
/* End PBXFileReference section */

/* Begin PBXFrameworksBuildPhase section */
		06D85F2129C1673C006C0779 /* Frameworks */ = {
			isa = PBXFrameworksBuildPhase;
			buildActionMask = 2147483647;
			files = (
			);
			runOnlyForDeploymentPostprocessing = 0;
		};
/* End PBXFrameworksBuildPhase section */

/* Begin PBXGroup section */
		068426A929C2B24B004C1F68 /* Views */ = {
			isa = PBXGroup;
			children = (
				06D85F3B29C16833006C0779 /* HomeView.swift */,
				06D85F3D29C168D6006C0779 /* GoRideMapViewRepresentable.swift */,
				068426B429C2C00E004C1F68 /* MapViewActionButton.swift */,
			);
			path = Views;
			sourceTree = "<group>";
		};
		068426AA29C2B24D004C1F68 /* ViewModel */ = {
			isa = PBXGroup;
			children = (
			);
			path = ViewModel;
			sourceTree = "<group>";
		};
		068426AB29C2B7ED004C1F68 /* Utilities */ = {
			isa = PBXGroup;
			children = (
				068426AC29C2B800004C1F68 /* PlaceholderTextFieldStyle.swift */,
			);
			path = Utilities;
			sourceTree = "<group>";
		};
		068426AE29C2B934004C1F68 /* Home */ = {
			isa = PBXGroup;
			children = (
				068426AA29C2B24D004C1F68 /* ViewModel */,
				068426A929C2B24B004C1F68 /* Views */,
			);
			path = Home;
			sourceTree = "<group>";
		};
		068426AF29C2B965004C1F68 /* LocationSearch */ = {
			isa = PBXGroup;
			children = (
				068426B029C2B96F004C1F68 /* ViewModel */,
				068426B129C2B974004C1F68 /* Views */,
			);
			path = LocationSearch;
			sourceTree = "<group>";
		};
		068426B029C2B96F004C1F68 /* ViewModel */ = {
			isa = PBXGroup;
			children = (
				06ECAFB729C98C4000837E6F /* LocationSearchViewModel.swift */,
			);
			path = ViewModel;
			sourceTree = "<group>";
		};
		068426B129C2B974004C1F68 /* Views */ = {
			isa = PBXGroup;
			children = (
				068426B229C2B9AC004C1F68 /* LocationSearchActivationView.swift */,
				068426B629C2C98E004C1F68 /* LocationSearchView.swift */,
				068426B829C2F1A6004C1F68 /* LocationSearchResultCell.swift */,
			);
			path = Views;
			sourceTree = "<group>";
		};
		06D85F1B29C1673C006C0779 = {
			isa = PBXGroup;
			children = (
				06D85F2629C1673C006C0779 /* GoRide */,
				06D85F2529C1673C006C0779 /* Products */,
			);
			sourceTree = "<group>";
		};
		06D85F2529C1673C006C0779 /* Products */ = {
			isa = PBXGroup;
			children = (
				06D85F2429C1673C006C0779 /* GoRide.app */,
			);
			name = Products;
			sourceTree = "<group>";
		};
		06D85F2629C1673C006C0779 /* GoRide */ = {
			isa = PBXGroup;
			children = (
				06D85F3A29C16766006C0779 /* App */,
				06D85F3929C16763006C0779 /* Core */,
				06D85F3829C16761006C0779 /* Extentions */,
				06D85F3629C1674F006C0779 /* Managers */,
				06D85F3729C16752006C0779 /* Models */,
				068426AB29C2B7ED004C1F68 /* Utilities */,
				06D85F2B29C1673E006C0779 /* Assets.xcassets */,
				06D85F2D29C1673E006C0779 /* Preview Content */,
			);
			path = GoRide;
			sourceTree = "<group>";
		};
		06D85F2D29C1673E006C0779 /* Preview Content */ = {
			isa = PBXGroup;
			children = (
				06D85F2E29C1673E006C0779 /* Preview Assets.xcassets */,
			);
			path = "Preview Content";
			sourceTree = "<group>";
		};
		06D85F3629C1674F006C0779 /* Managers */ = {
			isa = PBXGroup;
			children = (
				06D85F3F29C174A9006C0779 /* LocationManager.swift */,
			);
			path = Managers;
			sourceTree = "<group>";
		};
		06D85F3729C16752006C0779 /* Models */ = {
			isa = PBXGroup;
			children = (
			);
			path = Models;
			sourceTree = "<group>";
		};
		06D85F3829C16761006C0779 /* Extentions */ = {
			isa = PBXGroup;
			children = (
			);
			path = Extentions;
			sourceTree = "<group>";
		};
		06D85F3929C16763006C0779 /* Core */ = {
			isa = PBXGroup;
			children = (
				068426AF29C2B965004C1F68 /* LocationSearch */,
				068426AE29C2B934004C1F68 /* Home */,
			);
			path = Core;
			sourceTree = "<group>";
		};
		06D85F3A29C16766006C0779 /* App */ = {
			isa = PBXGroup;
			children = (
				06D85F2729C1673C006C0779 /* GoRideApp.swift */,
			);
			path = App;
			sourceTree = "<group>";
		};
/* End PBXGroup section */

/* Begin PBXNativeTarget section */
		06D85F2329C1673C006C0779 /* GoRide */ = {
			isa = PBXNativeTarget;
			buildConfigurationList = 06D85F3229C1673E006C0779 /* Build configuration list for PBXNativeTarget "GoRide" */;
			buildPhases = (
				06D85F2029C1673C006C0779 /* Sources */,
				06D85F2129C1673C006C0779 /* Frameworks */,
				06D85F2229C1673C006C0779 /* Resources */,
			);
			buildRules = (
			);
			dependencies = (
			);
			name = GoRide;
			productName = GoRide;
			productReference = 06D85F2429C1673C006C0779 /* GoRide.app */;
			productType = "com.apple.product-type.application";
		};
/* End PBXNativeTarget section */

/* Begin PBXProject section */
		06D85F1C29C1673C006C0779 /* Project object */ = {
			isa = PBXProject;
			attributes = {
				BuildIndependentTargetsInParallel = 1;
				LastSwiftUpdateCheck = 1420;
				LastUpgradeCheck = 1420;
				TargetAttributes = {
					06D85F2329C1673C006C0779 = {
						CreatedOnToolsVersion = 14.2;
					};
				};
			};
			buildConfigurationList = 06D85F1F29C1673C006C0779 /* Build configuration list for PBXProject "GoRide" */;
			compatibilityVersion = "Xcode 14.0";
			developmentRegion = en;
			hasScannedForEncodings = 0;
			knownRegions = (
				en,
				Base,
			);
			mainGroup = 06D85F1B29C1673C006C0779;
			productRefGroup = 06D85F2529C1673C006C0779 /* Products */;
			projectDirPath = "";
			projectRoot = "";
			targets = (
				06D85F2329C1673C006C0779 /* GoRide */,
			);
		};
/* End PBXProject section */

/* Begin PBXResourcesBuildPhase section */
		06D85F2229C1673C006C0779 /* Resources */ = {
			isa = PBXResourcesBuildPhase;
			buildActionMask = 2147483647;
			files = (
				06D85F2F29C1673E006C0779 /* Preview Assets.xcassets in Resources */,
				06D85F2C29C1673E006C0779 /* Assets.xcassets in Resources */,
			);
			runOnlyForDeploymentPostprocessing = 0;
		};
/* End PBXResourcesBuildPhase section */

/* Begin PBXSourcesBuildPhase section */
		06D85F2029C1673C006C0779 /* Sources */ = {
			isa = PBXSourcesBuildPhase;
			buildActionMask = 2147483647;
			files = (
				06D85F4029C174A9006C0779 /* LocationManager.swift in Sources */,
				068426AD29C2B800004C1F68 /* PlaceholderTextFieldStyle.swift in Sources */,
				06D85F2829C1673C006C0779 /* GoRideApp.swift in Sources */,
				06ECAFB829C98C4000837E6F /* LocationSearchViewModel.swift in Sources */,
				06D85F3E29C168D6006C0779 /* GoRideMapViewRepresentable.swift in Sources */,
				06D85F3C29C16833006C0779 /* HomeView.swift in Sources */,
				068426B729C2C98E004C1F68 /* LocationSearchView.swift in Sources */,
				068426B929C2F1A6004C1F68 /* LocationSearchResultCell.swift in Sources */,
				068426B329C2B9AC004C1F68 /* LocationSearchActivationView.swift in Sources */,
				068426B529C2C00E004C1F68 /* MapViewActionButton.swift in Sources */,
			);
			runOnlyForDeploymentPostprocessing = 0;
		};
/* End PBXSourcesBuildPhase section */

/* Begin XCBuildConfiguration section */
		06D85F3029C1673E006C0779 /* Debug */ = {
			isa = XCBuildConfiguration;
			buildSettings = {
				ALWAYS_SEARCH_USER_PATHS = NO;
				CLANG_ANALYZER_NONNULL = YES;
				CLANG_ANALYZER_NUMBER_OBJECT_CONVERSION = YES_AGGRESSIVE;
				CLANG_CXX_LANGUAGE_STANDARD = "gnu++20";
				CLANG_ENABLE_MODULES = YES;
				CLANG_ENABLE_OBJC_ARC = YES;
				CLANG_ENABLE_OBJC_WEAK = YES;
				CLANG_WARN_BLOCK_CAPTURE_AUTORELEASING = YES;
				CLANG_WARN_BOOL_CONVERSION = YES;
				CLANG_WARN_COMMA = YES;
				CLANG_WARN_CONSTANT_CONVERSION = YES;
				CLANG_WARN_DEPRECATED_OBJC_IMPLEMENTATIONS = YES;
				CLANG_WARN_DIRECT_OBJC_ISA_USAGE = YES_ERROR;
				CLANG_WARN_DOCUMENTATION_COMMENTS = YES;
				CLANG_WARN_EMPTY_BODY = YES;
				CLANG_WARN_ENUM_CONVERSION = YES;
				CLANG_WARN_INFINITE_RECURSION = YES;
				CLANG_WARN_INT_CONVERSION = YES;
				CLANG_WARN_NON_LITERAL_NULL_CONVERSION = YES;
				CLANG_WARN_OBJC_IMPLICIT_RETAIN_SELF = YES;
				CLANG_WARN_OBJC_LITERAL_CONVERSION = YES;
				CLANG_WARN_OBJC_ROOT_CLASS = YES_ERROR;
				CLANG_WARN_QUOTED_INCLUDE_IN_FRAMEWORK_HEADER = YES;
				CLANG_WARN_RANGE_LOOP_ANALYSIS = YES;
				CLANG_WARN_STRICT_PROTOTYPES = YES;
				CLANG_WARN_SUSPICIOUS_MOVE = YES;
				CLANG_WARN_UNGUARDED_AVAILABILITY = YES_AGGRESSIVE;
				CLANG_WARN_UNREACHABLE_CODE = YES;
				CLANG_WARN__DUPLICATE_METHOD_MATCH = YES;
				COPY_PHASE_STRIP = NO;
				DEBUG_INFORMATION_FORMAT = dwarf;
				ENABLE_STRICT_OBJC_MSGSEND = YES;
				ENABLE_TESTABILITY = YES;
				GCC_C_LANGUAGE_STANDARD = gnu11;
				GCC_DYNAMIC_NO_PIC = NO;
				GCC_NO_COMMON_BLOCKS = YES;
				GCC_OPTIMIZATION_LEVEL = 0;
				GCC_PREPROCESSOR_DEFINITIONS = (
					"DEBUG=1",
					"$(inherited)",
				);
				GCC_WARN_64_TO_32_BIT_CONVERSION = YES;
				GCC_WARN_ABOUT_RETURN_TYPE = YES_ERROR;
				GCC_WARN_UNDECLARED_SELECTOR = YES;
				GCC_WARN_UNINITIALIZED_AUTOS = YES_AGGRESSIVE;
				GCC_WARN_UNUSED_FUNCTION = YES;
				GCC_WARN_UNUSED_VARIABLE = YES;
				IPHONEOS_DEPLOYMENT_TARGET = 16.2;
				MTL_ENABLE_DEBUG_INFO = INCLUDE_SOURCE;
				MTL_FAST_MATH = YES;
				ONLY_ACTIVE_ARCH = YES;
				SDKROOT = iphoneos;
				SWIFT_ACTIVE_COMPILATION_CONDITIONS = DEBUG;
				SWIFT_OPTIMIZATION_LEVEL = "-Onone";
			};
			name = Debug;
		};
		06D85F3129C1673E006C0779 /* Release */ = {
			isa = XCBuildConfiguration;
			buildSettings = {
				ALWAYS_SEARCH_USER_PATHS = NO;
				CLANG_ANALYZER_NONNULL = YES;
				CLANG_ANALYZER_NUMBER_OBJECT_CONVERSION = YES_AGGRESSIVE;
				CLANG_CXX_LANGUAGE_STANDARD = "gnu++20";
				CLANG_ENABLE_MODULES = YES;
				CLANG_ENABLE_OBJC_ARC = YES;
				CLANG_ENABLE_OBJC_WEAK = YES;
				CLANG_WARN_BLOCK_CAPTURE_AUTORELEASING = YES;
				CLANG_WARN_BOOL_CONVERSION = YES;
				CLANG_WARN_COMMA = YES;
				CLANG_WARN_CONSTANT_CONVERSION = YES;
				CLANG_WARN_DEPRECATED_OBJC_IMPLEMENTATIONS = YES;
				CLANG_WARN_DIRECT_OBJC_ISA_USAGE = YES_ERROR;
				CLANG_WARN_DOCUMENTATION_COMMENTS = YES;
				CLANG_WARN_EMPTY_BODY = YES;
				CLANG_WARN_ENUM_CONVERSION = YES;
				CLANG_WARN_INFINITE_RECURSION = YES;
				CLANG_WARN_INT_CONVERSION = YES;
				CLANG_WARN_NON_LITERAL_NULL_CONVERSION = YES;
				CLANG_WARN_OBJC_IMPLICIT_RETAIN_SELF = YES;
				CLANG_WARN_OBJC_LITERAL_CONVERSION = YES;
				CLANG_WARN_OBJC_ROOT_CLASS = YES_ERROR;
				CLANG_WARN_QUOTED_INCLUDE_IN_FRAMEWORK_HEADER = YES;
				CLANG_WARN_RANGE_LOOP_ANALYSIS = YES;
				CLANG_WARN_STRICT_PROTOTYPES = YES;
				CLANG_WARN_SUSPICIOUS_MOVE = YES;
				CLANG_WARN_UNGUARDED_AVAILABILITY = YES_AGGRESSIVE;
				CLANG_WARN_UNREACHABLE_CODE = YES;
				CLANG_WARN__DUPLICATE_METHOD_MATCH = YES;
				COPY_PHASE_STRIP = NO;
				DEBUG_INFORMATION_FORMAT = "dwarf-with-dsym";
				ENABLE_NS_ASSERTIONS = NO;
				ENABLE_STRICT_OBJC_MSGSEND = YES;
				GCC_C_LANGUAGE_STANDARD = gnu11;
				GCC_NO_COMMON_BLOCKS = YES;
				GCC_WARN_64_TO_32_BIT_CONVERSION = YES;
				GCC_WARN_ABOUT_RETURN_TYPE = YES_ERROR;
				GCC_WARN_UNDECLARED_SELECTOR = YES;
				GCC_WARN_UNINITIALIZED_AUTOS = YES_AGGRESSIVE;
				GCC_WARN_UNUSED_FUNCTION = YES;
				GCC_WARN_UNUSED_VARIABLE = YES;
				IPHONEOS_DEPLOYMENT_TARGET = 16.2;
				MTL_ENABLE_DEBUG_INFO = NO;
				MTL_FAST_MATH = YES;
				SDKROOT = iphoneos;
				SWIFT_COMPILATION_MODE = wholemodule;
				SWIFT_OPTIMIZATION_LEVEL = "-O";
				VALIDATE_PRODUCT = YES;
			};
			name = Release;
		};
		06D85F3329C1673E006C0779 /* Debug */ = {
			isa = XCBuildConfiguration;
			buildSettings = {
				ASSETCATALOG_COMPILER_APPICON_NAME = AppIcon;
				ASSETCATALOG_COMPILER_GLOBAL_ACCENT_COLOR_NAME = AccentColor;
				CODE_SIGN_STYLE = Automatic;
				CURRENT_PROJECT_VERSION = 1;
				DEVELOPMENT_ASSET_PATHS = "\"GoRide/Preview Content\"";
				DEVELOPMENT_TEAM = 84ZVHZY7F4;
				ENABLE_PREVIEWS = YES;
				GENERATE_INFOPLIST_FILE = YES;
				INFOPLIST_KEY_NSLocationAlwaysAndWhenInUseUsageDescription = "Please allow us access your location to find you near  driver";
				INFOPLIST_KEY_NSLocationAlwaysUsageDescription = "Please allow us access your location to find you near  driver";
				INFOPLIST_KEY_NSLocationWhenInUseUsageDescription = "Please allow us access your location to find you near  driver";
				INFOPLIST_KEY_UIApplicationSceneManifest_Generation = YES;
				INFOPLIST_KEY_UIApplicationSupportsIndirectInputEvents = YES;
				INFOPLIST_KEY_UILaunchScreen_Generation = YES;
				INFOPLIST_KEY_UISupportedInterfaceOrientations_iPad = "UIInterfaceOrientationPortrait UIInterfaceOrientationPortraitUpsideDown UIInterfaceOrientationLandscapeLeft UIInterfaceOrientationLandscapeRight";
				INFOPLIST_KEY_UISupportedInterfaceOrientations_iPhone = "UIInterfaceOrientationPortrait UIInterfaceOrientationLandscapeLeft UIInterfaceOrientationLandscapeRight";
				LD_RUNPATH_SEARCH_PATHS = (
					"$(inherited)",
					"@executable_path/Frameworks",
				);
				MARKETING_VERSION = 1.0;
				PRODUCT_BUNDLE_IDENTIFIER = com.BaoHoang.GoRide;
				PRODUCT_NAME = "$(TARGET_NAME)";
				SWIFT_EMIT_LOC_STRINGS = YES;
				SWIFT_VERSION = 5.0;
				TARGETED_DEVICE_FAMILY = "1,2";
			};
			name = Debug;
		};
		06D85F3429C1673E006C0779 /* Release */ = {
			isa = XCBuildConfiguration;
			buildSettings = {
				ASSETCATALOG_COMPILER_APPICON_NAME = AppIcon;
				ASSETCATALOG_COMPILER_GLOBAL_ACCENT_COLOR_NAME = AccentColor;
				CODE_SIGN_STYLE = Automatic;
				CURRENT_PROJECT_VERSION = 1;
				DEVELOPMENT_ASSET_PATHS = "\"GoRide/Preview Content\"";
				DEVELOPMENT_TEAM = 84ZVHZY7F4;
				ENABLE_PREVIEWS = YES;
				GENERATE_INFOPLIST_FILE = YES;
				INFOPLIST_KEY_NSLocationAlwaysAndWhenInUseUsageDescription = "Please allow us access your location to find you near  driver";
				INFOPLIST_KEY_NSLocationAlwaysUsageDescription = "Please allow us access your location to find you near  driver";
				INFOPLIST_KEY_NSLocationWhenInUseUsageDescription = "Please allow us access your location to find you near  driver";
				INFOPLIST_KEY_UIApplicationSceneManifest_Generation = YES;
				INFOPLIST_KEY_UIApplicationSupportsIndirectInputEvents = YES;
				INFOPLIST_KEY_UILaunchScreen_Generation = YES;
				INFOPLIST_KEY_UISupportedInterfaceOrientations_iPad = "UIInterfaceOrientationPortrait UIInterfaceOrientationPortraitUpsideDown UIInterfaceOrientationLandscapeLeft UIInterfaceOrientationLandscapeRight";
				INFOPLIST_KEY_UISupportedInterfaceOrientations_iPhone = "UIInterfaceOrientationPortrait UIInterfaceOrientationLandscapeLeft UIInterfaceOrientationLandscapeRight";
				LD_RUNPATH_SEARCH_PATHS = (
					"$(inherited)",
					"@executable_path/Frameworks",
				);
				MARKETING_VERSION = 1.0;
				PRODUCT_BUNDLE_IDENTIFIER = com.BaoHoang.GoRide;
				PRODUCT_NAME = "$(TARGET_NAME)";
				SWIFT_EMIT_LOC_STRINGS = YES;
				SWIFT_VERSION = 5.0;
				TARGETED_DEVICE_FAMILY = "1,2";
			};
			name = Release;
		};
/* End XCBuildConfiguration section */

/* Begin XCConfigurationList section */
		06D85F1F29C1673C006C0779 /* Build configuration list for PBXProject "GoRide" */ = {
			isa = XCConfigurationList;
			buildConfigurations = (
				06D85F3029C1673E006C0779 /* Debug */,
				06D85F3129C1673E006C0779 /* Release */,
			);
			defaultConfigurationIsVisible = 0;
			defaultConfigurationName = Release;
		};
		06D85F3229C1673E006C0779 /* Build configuration list for PBXNativeTarget "GoRide" */ = {
			isa = XCConfigurationList;
			buildConfigurations = (
				06D85F3329C1673E006C0779 /* Debug */,
				06D85F3429C1673E006C0779 /* Release */,
			);
			defaultConfigurationIsVisible = 0;
			defaultConfigurationName = Release;
		};
/* End XCConfigurationList section */
	};
	rootObject = 06D85F1C29C1673C006C0779 /* Project object */;
}
